// !$*UTF8*$!
{
	archiveVersion = 1;
	classes = {
	};
	objectVersion = 51;
	objects = {

/* Begin PBXBuildFile section */
		4D6512F61DB3AF6B009EC143 /* SwiftyJSON.swift in Sources */ = {isa = PBXBuildFile; fileRef = 4D6512E71DB3AF6B009EC143 /* SwiftyJSON.swift */; };
		4D6512F71DB3AF6B009EC143 /* test.json in Resources */ = {isa = PBXBuildFile; fileRef = 4D6512E81DB3AF6B009EC143 /* test.json */; };
		4D6512F91DB3AF6B009EC143 /* PerformanceTests.swift in Sources */ = {isa = PBXBuildFile; fileRef = 4D6512EA1DB3AF6B009EC143 /* PerformanceTests.swift */; };
		4D6512FF1DB3B0A6009EC143 /* JSONX.swift in Sources */ = {isa = PBXBuildFile; fileRef = 4D6512FE1DB3B0A6009EC143 /* JSONX.swift */; };
		4D6513011DB3B1C6009EC143 /* UnitTests.swift in Sources */ = {isa = PBXBuildFile; fileRef = 4D6513001DB3B1C6009EC143 /* UnitTests.swift */; };
/* End PBXBuildFile section */

/* Begin PBXFileReference section */
		4D6512E71DB3AF6B009EC143 /* SwiftyJSON.swift */ = {isa = PBXFileReference; fileEncoding = 4; lastKnownFileType = sourcecode.swift; path = SwiftyJSON.swift; sourceTree = "<group>"; };
		4D6512E81DB3AF6B009EC143 /* test.json */ = {isa = PBXFileReference; fileEncoding = 4; lastKnownFileType = text.json; path = test.json; sourceTree = "<group>"; };
		4D6512E91DB3AF6B009EC143 /* Info.plist */ = {isa = PBXFileReference; fileEncoding = 4; lastKnownFileType = text.plist.xml; path = Info.plist; sourceTree = "<group>"; };
		4D6512EA1DB3AF6B009EC143 /* PerformanceTests.swift */ = {isa = PBXFileReference; fileEncoding = 4; lastKnownFileType = sourcecode.swift; path = PerformanceTests.swift; sourceTree = "<group>"; };
		4D6512FA1DB3B025009EC143 /* JSONXTests_DEBUG.xcconfig */ = {isa = PBXFileReference; fileEncoding = 4; lastKnownFileType = text.xcconfig; path = JSONXTests_DEBUG.xcconfig; sourceTree = "<group>"; };
		4D6512FB1DB3B025009EC143 /* JSONXTests_RELEASE.xcconfig */ = {isa = PBXFileReference; fileEncoding = 4; lastKnownFileType = text.xcconfig; path = JSONXTests_RELEASE.xcconfig; sourceTree = "<group>"; };
		4D6512FE1DB3B0A6009EC143 /* JSONX.swift */ = {isa = PBXFileReference; fileEncoding = 4; lastKnownFileType = sourcecode.swift; name = JSONX.swift; path = ../../Sources/JSONX.swift; sourceTree = "<group>"; };
		4D6513001DB3B1C6009EC143 /* UnitTests.swift */ = {isa = PBXFileReference; fileEncoding = 4; lastKnownFileType = sourcecode.swift; path = UnitTests.swift; sourceTree = "<group>"; };
		4DA4F5BC1DB25409007A1A2C /* JSONXTests.xctest */ = {isa = PBXFileReference; explicitFileType = wrapper.cfbundle; includeInIndex = 0; path = JSONXTests.xctest; sourceTree = BUILT_PRODUCTS_DIR; };
/* End PBXFileReference section */

/* Begin PBXFrameworksBuildPhase section */
		4DA4F5B91DB25409007A1A2C /* Frameworks */ = {
			isa = PBXFrameworksBuildPhase;
			buildActionMask = 2147483647;
			files = (
			);
			runOnlyForDeploymentPostprocessing = 0;
		};
/* End PBXFrameworksBuildPhase section */

/* Begin PBXGroup section */
		4D6512D91DB3AF6B009EC143 /* Test Sources */ = {
			isa = PBXGroup;
			children = (
				4D6512E81DB3AF6B009EC143 /* test.json */,
				4D6512FE1DB3B0A6009EC143 /* JSONX.swift */,
				4D6512E41DB3AF6B009EC143 /* SwiftyJSON */,
			);
			path = "Test Sources";
			sourceTree = "<group>";
		};
		4D6512E41DB3AF6B009EC143 /* SwiftyJSON */ = {
			isa = PBXGroup;
			children = (
				4D6512E71DB3AF6B009EC143 /* SwiftyJSON.swift */,
			);
			path = SwiftyJSON;
			sourceTree = "<group>";
		};
		4DA4F5A41DB25408007A1A2C = {
			isa = PBXGroup;
			children = (
				4D6512FA1DB3B025009EC143 /* JSONXTests_DEBUG.xcconfig */,
				4D6512FB1DB3B025009EC143 /* JSONXTests_RELEASE.xcconfig */,
				4D6512E91DB3AF6B009EC143 /* Info.plist */,
				4D6513001DB3B1C6009EC143 /* UnitTests.swift */,
				4D6512EA1DB3AF6B009EC143 /* PerformanceTests.swift */,
				4D6512D91DB3AF6B009EC143 /* Test Sources */,
				4DA4F5AE1DB25409007A1A2C /* Products */,
			);
			sourceTree = "<group>";
		};
		4DA4F5AE1DB25409007A1A2C /* Products */ = {
			isa = PBXGroup;
			children = (
				4DA4F5BC1DB25409007A1A2C /* JSONXTests.xctest */,
			);
			name = Products;
			sourceTree = "<group>";
		};
/* End PBXGroup section */

/* Begin PBXNativeTarget section */
		4DA4F5BB1DB25409007A1A2C /* JSONXTests */ = {
			isa = PBXNativeTarget;
			buildConfigurationList = 4DA4F5C81DB25409007A1A2C /* Build configuration list for PBXNativeTarget "JSONXTests" */;
			buildPhases = (
				4DA4F5B81DB25409007A1A2C /* Sources */,
				4DA4F5B91DB25409007A1A2C /* Frameworks */,
				4DA4F5BA1DB25409007A1A2C /* Resources */,
			);
			buildRules = (
			);
			dependencies = (
			);
			name = JSONXTests;
			productName = PerformanceTestTests;
			productReference = 4DA4F5BC1DB25409007A1A2C /* JSONXTests.xctest */;
			productType = "com.apple.product-type.bundle.unit-test";
		};
/* End PBXNativeTarget section */

/* Begin PBXProject section */
		4DA4F5A51DB25408007A1A2C /* Project object */ = {
			isa = PBXProject;
			attributes = {
				LastSwiftUpdateCheck = 0800;
				LastUpgradeCheck = 0820;
				ORGANIZATIONNAME = "Mohsan Khan";
				TargetAttributes = {
					4DA4F5BB1DB25409007A1A2C = {
						CreatedOnToolsVersion = 8.0;
						LastSwiftMigration = 0800;
						ProvisioningStyle = Manual;
					};
				};
			};
			buildConfigurationList = 4DA4F5A81DB25408007A1A2C /* Build configuration list for PBXProject "JSONXTests" */;
			compatibilityVersion = "Xcode 10.0";
			developmentRegion = English;
			hasScannedForEncodings = 0;
			knownRegions = (
				en,
				Base,
			);
			mainGroup = 4DA4F5A41DB25408007A1A2C;
			productRefGroup = 4DA4F5AE1DB25409007A1A2C /* Products */;
			projectDirPath = "";
			projectRoot = "";
			targets = (
				4DA4F5BB1DB25409007A1A2C /* JSONXTests */,
			);
		};
/* End PBXProject section */

/* Begin PBXResourcesBuildPhase section */
		4DA4F5BA1DB25409007A1A2C /* Resources */ = {
			isa = PBXResourcesBuildPhase;
			buildActionMask = 2147483647;
			files = (
				4D6512F71DB3AF6B009EC143 /* test.json in Resources */,
			);
			runOnlyForDeploymentPostprocessing = 0;
		};
/* End PBXResourcesBuildPhase section */

/* Begin PBXSourcesBuildPhase section */
		4DA4F5B81DB25409007A1A2C /* Sources */ = {
			isa = PBXSourcesBuildPhase;
			buildActionMask = 2147483647;
			files = (
				4D6512F61DB3AF6B009EC143 /* SwiftyJSON.swift in Sources */,
				4D6512F91DB3AF6B009EC143 /* PerformanceTests.swift in Sources */,
				4D6512FF1DB3B0A6009EC143 /* JSONX.swift in Sources */,
				4D6513011DB3B1C6009EC143 /* UnitTests.swift in Sources */,
			);
			runOnlyForDeploymentPostprocessing = 0;
		};
/* End PBXSourcesBuildPhase section */

/* Begin XCBuildConfiguration section */
		4DA4F5C31DB25409007A1A2C /* Debug */ = {
			isa = XCBuildConfiguration;
			baseConfigurationReference = 4D6512FA1DB3B025009EC143 /* JSONXTests_DEBUG.xcconfig */;
			buildSettings = {
				ALWAYS_SEARCH_USER_PATHS = NO;
				CODE_SIGN_IDENTITY = "-";
				MACOSX_DEPLOYMENT_TARGET = 10.13;
				SDKROOT = macosx;
			};
			name = Debug;
		};
		4DA4F5C41DB25409007A1A2C /* Release */ = {
			isa = XCBuildConfiguration;
			baseConfigurationReference = 4D6512FB1DB3B025009EC143 /* JSONXTests_RELEASE.xcconfig */;
			buildSettings = {
				ALWAYS_SEARCH_USER_PATHS = NO;
				CODE_SIGN_IDENTITY = "-";
				MACOSX_DEPLOYMENT_TARGET = 10.13;
				SDKROOT = macosx;
			};
			name = Release;
		};
		4DA4F5C91DB25409007A1A2C /* Debug */ = {
			isa = XCBuildConfiguration;
			baseConfigurationReference = 4D6512FA1DB3B025009EC143 /* JSONXTests_DEBUG.xcconfig */;
			buildSettings = {
				CODE_SIGN_STYLE = Manual;
				DEVELOPMENT_TEAM = "";
				INFOPLIST_FILE = Info.plist;
				LD_RUNPATH_SEARCH_PATHS = (
					"$(inherited)",
					"@executable_path/../Frameworks",
					"@loader_path/../Frameworks",
				);
				PRODUCT_BUNDLE_IDENTIFIER = com.mohsankhan.JSONXTests;
				PRODUCT_NAME = "$(TARGET_NAME)";
				PROVISIONING_PROFILE_SPECIFIER = "";
			};
			name = Debug;
		};
		4DA4F5CA1DB25409007A1A2C /* Release */ = {
			isa = XCBuildConfiguration;
			baseConfigurationReference = 4D6512FB1DB3B025009EC143 /* JSONXTests_RELEASE.xcconfig */;
			buildSettings = {
				CODE_SIGN_STYLE = Manual;
				DEVELOPMENT_TEAM = "";
				INFOPLIST_FILE = Info.plist;
				LD_RUNPATH_SEARCH_PATHS = (
					"$(inherited)",
					"@executable_path/../Frameworks",
					"@loader_path/../Frameworks",
				);
				PRODUCT_BUNDLE_IDENTIFIER = com.mohsankhan.JSONXTests;
				PRODUCT_NAME = "$(TARGET_NAME)";
				PROVISIONING_PROFILE_SPECIFIER = "";
			};
			name = Release;
		};
/* End XCBuildConfiguration section */

/* Begin XCConfigurationList section */
		4DA4F5A81DB25408007A1A2C /* Build configuration list for PBXProject "JSONXTests" */ = {
			isa = XCConfigurationList;
			buildConfigurations = (
				4DA4F5C31DB25409007A1A2C /* Debug */,
				4DA4F5C41DB25409007A1A2C /* Release */,
			);
			defaultConfigurationIsVisible = 0;
			defaultConfigurationName = Release;
		};
		4DA4F5C81DB25409007A1A2C /* Build configuration list for PBXNativeTarget "JSONXTests" */ = {
			isa = XCConfigurationList;
			buildConfigurations = (
				4DA4F5C91DB25409007A1A2C /* Debug */,
				4DA4F5CA1DB25409007A1A2C /* Release */,
			);
			defaultConfigurationIsVisible = 0;
			defaultConfigurationName = Release;
		};
/* End XCConfigurationList section */
	};
	rootObject = 4DA4F5A51DB25408007A1A2C /* Project object */;
}
