// !$*UTF8*$!
{
	archiveVersion = 1;
	classes = {
	};
	objectVersion = 48;
	objects = {

/* Begin PBXBuildFile section */
		4DA4F5C11DB25409007A1A2C /* PerformanceTest.swift in Sources */ = {isa = PBXBuildFile; fileRef = 4DA4F5C01DB25409007A1A2C /* PerformanceTest.swift */; };
		4DA4F5CD1DB2570E007A1A2C /* JSONX.swift in Sources */ = {isa = PBXBuildFile; fileRef = 4DA4F5CC1DB2570E007A1A2C /* JSONX.swift */; };
		4DA4F5CF1DB25731007A1A2C /* test.json in Resources */ = {isa = PBXBuildFile; fileRef = 4DA4F5CE1DB25731007A1A2C /* test.json */; };
		4DA4F5DA1DB25FC3007A1A2C /* Decoder.swift in Sources */ = {isa = PBXBuildFile; fileRef = 4DA4F5D31DB25FC3007A1A2C /* Decoder.swift */; };
		4DA4F5DB1DB25FC3007A1A2C /* JAYSON+OptionalProperty.swift in Sources */ = {isa = PBXBuildFile; fileRef = 4DA4F5D41DB25FC3007A1A2C /* JAYSON+OptionalProperty.swift */; };
		4DA4F5DC1DB25FC3007A1A2C /* JAYSON+SourceType.swift in Sources */ = {isa = PBXBuildFile; fileRef = 4DA4F5D51DB25FC3007A1A2C /* JAYSON+SourceType.swift */; };
		4DA4F5DD1DB25FC3007A1A2C /* JAYSON+StateProperty.swift in Sources */ = {isa = PBXBuildFile; fileRef = 4DA4F5D61DB25FC3007A1A2C /* JAYSON+StateProperty.swift */; };
		4DA4F5DE1DB25FC3007A1A2C /* JAYSON+StrictGetter.swift in Sources */ = {isa = PBXBuildFile; fileRef = 4DA4F5D71DB25FC3007A1A2C /* JAYSON+StrictGetter.swift */; };
		4DA4F5DF1DB25FC3007A1A2C /* JAYSON.swift in Sources */ = {isa = PBXBuildFile; fileRef = 4DA4F5D81DB25FC3007A1A2C /* JAYSON.swift */; };
		4DA4F5E01DB25FC3007A1A2C /* JAYSONWritableType.swift in Sources */ = {isa = PBXBuildFile; fileRef = 4DA4F5D91DB25FC3007A1A2C /* JAYSONWritableType.swift */; };
		4DC0EBE51DB2D2E000F331DB /* SwiftyJSON.swift in Sources */ = {isa = PBXBuildFile; fileRef = 4DC0EBE21DB2D2E000F331DB /* SwiftyJSON.swift */; };
/* End PBXBuildFile section */

/* Begin PBXFileReference section */
		4DA4F5BC1DB25409007A1A2C /* PerformanceTest.xctest */ = {isa = PBXFileReference; explicitFileType = wrapper.cfbundle; includeInIndex = 0; path = PerformanceTest.xctest; sourceTree = BUILT_PRODUCTS_DIR; };
		4DA4F5C01DB25409007A1A2C /* PerformanceTest.swift */ = {isa = PBXFileReference; lastKnownFileType = sourcecode.swift; path = PerformanceTest.swift; sourceTree = "<group>"; };
		4DA4F5C21DB25409007A1A2C /* Info.plist */ = {isa = PBXFileReference; lastKnownFileType = text.plist.xml; path = Info.plist; sourceTree = "<group>"; };
		4DA4F5CC1DB2570E007A1A2C /* JSONX.swift */ = {isa = PBXFileReference; fileEncoding = 4; lastKnownFileType = sourcecode.swift; name = JSONX.swift; path = ../../JSONX.swift; sourceTree = "<group>"; };
		4DA4F5CE1DB25731007A1A2C /* test.json */ = {isa = PBXFileReference; fileEncoding = 4; lastKnownFileType = text.json; path = test.json; sourceTree = "<group>"; };
		4DA4F5D31DB25FC3007A1A2C /* Decoder.swift */ = {isa = PBXFileReference; fileEncoding = 4; lastKnownFileType = sourcecode.swift; path = Decoder.swift; sourceTree = "<group>"; };
		4DA4F5D41DB25FC3007A1A2C /* JAYSON+OptionalProperty.swift */ = {isa = PBXFileReference; fileEncoding = 4; lastKnownFileType = sourcecode.swift; path = "JAYSON+OptionalProperty.swift"; sourceTree = "<group>"; };
		4DA4F5D51DB25FC3007A1A2C /* JAYSON+SourceType.swift */ = {isa = PBXFileReference; fileEncoding = 4; lastKnownFileType = sourcecode.swift; path = "JAYSON+SourceType.swift"; sourceTree = "<group>"; };
		4DA4F5D61DB25FC3007A1A2C /* JAYSON+StateProperty.swift */ = {isa = PBXFileReference; fileEncoding = 4; lastKnownFileType = sourcecode.swift; path = "JAYSON+StateProperty.swift"; sourceTree = "<group>"; };
		4DA4F5D71DB25FC3007A1A2C /* JAYSON+StrictGetter.swift */ = {isa = PBXFileReference; fileEncoding = 4; lastKnownFileType = sourcecode.swift; path = "JAYSON+StrictGetter.swift"; sourceTree = "<group>"; };
		4DA4F5D81DB25FC3007A1A2C /* JAYSON.swift */ = {isa = PBXFileReference; fileEncoding = 4; lastKnownFileType = sourcecode.swift; path = JAYSON.swift; sourceTree = "<group>"; };
		4DA4F5D91DB25FC3007A1A2C /* JAYSONWritableType.swift */ = {isa = PBXFileReference; fileEncoding = 4; lastKnownFileType = sourcecode.swift; path = JAYSONWritableType.swift; sourceTree = "<group>"; };
		4DC0EBDB1DB2D2C600F331DB /* JAYSON.podspec */ = {isa = PBXFileReference; fileEncoding = 4; lastKnownFileType = text; path = JAYSON.podspec; sourceTree = "<group>"; };
		4DC0EBDC1DB2D2C600F331DB /* LICENSE */ = {isa = PBXFileReference; fileEncoding = 4; lastKnownFileType = text; path = LICENSE; sourceTree = "<group>"; };
		4DC0EBE01DB2D2E000F331DB /* LICENSE */ = {isa = PBXFileReference; fileEncoding = 4; lastKnownFileType = text; path = LICENSE; sourceTree = "<group>"; };
		4DC0EBE11DB2D2E000F331DB /* SwiftyJSON.podspec */ = {isa = PBXFileReference; fileEncoding = 4; lastKnownFileType = text; path = SwiftyJSON.podspec; sourceTree = "<group>"; };
		4DC0EBE21DB2D2E000F331DB /* SwiftyJSON.swift */ = {isa = PBXFileReference; fileEncoding = 4; lastKnownFileType = sourcecode.swift; path = SwiftyJSON.swift; sourceTree = "<group>"; };
/* End PBXFileReference section */

/* Begin PBXFrameworksBuildPhase section */
		4DA4F5B91DB25409007A1A2C /* Frameworks */ = {
			isa = PBXFrameworksBuildPhase;
			buildActionMask = 2147483647;
			files = (
			);
			runOnlyForDeploymentPostprocessing = 0;
		};
/* End PBXFrameworksBuildPhase section */

/* Begin PBXGroup section */
		4DA4F5A41DB25408007A1A2C = {
			isa = PBXGroup;
			children = (
				4DA4F5CB1DB25707007A1A2C /* Test Sources */,
				4DA4F5BF1DB25409007A1A2C /* PerformanceTest */,
				4DA4F5AE1DB25409007A1A2C /* Products */,
			);
			sourceTree = "<group>";
		};
		4DA4F5AE1DB25409007A1A2C /* Products */ = {
			isa = PBXGroup;
			children = (
				4DA4F5BC1DB25409007A1A2C /* PerformanceTest.xctest */,
			);
			name = Products;
			sourceTree = "<group>";
		};
		4DA4F5BF1DB25409007A1A2C /* PerformanceTest */ = {
			isa = PBXGroup;
			children = (
				4DA4F5C01DB25409007A1A2C /* PerformanceTest.swift */,
				4DA4F5C21DB25409007A1A2C /* Info.plist */,
			);
			path = PerformanceTest;
			sourceTree = "<group>";
		};
		4DA4F5CB1DB25707007A1A2C /* Test Sources */ = {
			isa = PBXGroup;
			children = (
				4DA4F5CE1DB25731007A1A2C /* test.json */,
				4DA4F5CC1DB2570E007A1A2C /* JSONX.swift */,
				4DC0EBDF1DB2D2E000F331DB /* SwiftyJSON */,
				4DA4F5D21DB25FC3007A1A2C /* JAYSON */,
			);
			path = "Test Sources";
			sourceTree = "<group>";
		};
		4DA4F5D21DB25FC3007A1A2C /* JAYSON */ = {
			isa = PBXGroup;
			children = (
				4DC0EBDC1DB2D2C600F331DB /* LICENSE */,
				4DC0EBDB1DB2D2C600F331DB /* JAYSON.podspec */,
				4DA4F5D31DB25FC3007A1A2C /* Decoder.swift */,
				4DA4F5D81DB25FC3007A1A2C /* JAYSON.swift */,
				4DA4F5D41DB25FC3007A1A2C /* JAYSON+OptionalProperty.swift */,
				4DA4F5D51DB25FC3007A1A2C /* JAYSON+SourceType.swift */,
				4DA4F5D61DB25FC3007A1A2C /* JAYSON+StateProperty.swift */,
				4DA4F5D71DB25FC3007A1A2C /* JAYSON+StrictGetter.swift */,
				4DA4F5D91DB25FC3007A1A2C /* JAYSONWritableType.swift */,
			);
			path = JAYSON;
			sourceTree = "<group>";
		};
		4DC0EBDF1DB2D2E000F331DB /* SwiftyJSON */ = {
			isa = PBXGroup;
			children = (
				4DC0EBE01DB2D2E000F331DB /* LICENSE */,
				4DC0EBE11DB2D2E000F331DB /* SwiftyJSON.podspec */,
				4DC0EBE21DB2D2E000F331DB /* SwiftyJSON.swift */,
			);
			path = SwiftyJSON;
			sourceTree = "<group>";
		};
/* End PBXGroup section */

/* Begin PBXNativeTarget section */
		4DA4F5BB1DB25409007A1A2C /* PerformanceTest */ = {
			isa = PBXNativeTarget;
			buildConfigurationList = 4DA4F5C81DB25409007A1A2C /* Build configuration list for PBXNativeTarget "PerformanceTest" */;
			buildPhases = (
				4DA4F5B81DB25409007A1A2C /* Sources */,
				4DA4F5B91DB25409007A1A2C /* Frameworks */,
				4DA4F5BA1DB25409007A1A2C /* Resources */,
			);
			buildRules = (
			);
			dependencies = (
			);
			name = PerformanceTest;
			productName = PerformanceTestTests;
			productReference = 4DA4F5BC1DB25409007A1A2C /* PerformanceTest.xctest */;
			productType = "com.apple.product-type.bundle.unit-test";
		};
/* End PBXNativeTarget section */

/* Begin PBXProject section */
		4DA4F5A51DB25408007A1A2C /* Project object */ = {
			isa = PBXProject;
			attributes = {
				LastSwiftUpdateCheck = 0800;
				LastUpgradeCheck = 0800;
				ORGANIZATIONNAME = "Mohsan Khan";
				TargetAttributes = {
					4DA4F5BB1DB25409007A1A2C = {
						CreatedOnToolsVersion = 8.0;
						ProvisioningStyle = Automatic;
						TestTargetID = 4DA4F5AC1DB25408007A1A2C;
					};
				};
			};
			buildConfigurationList = 4DA4F5A81DB25408007A1A2C /* Build configuration list for PBXProject "PerformanceTest" */;
			compatibilityVersion = "Xcode 8.0";
			developmentRegion = English;
			hasScannedForEncodings = 0;
			knownRegions = (
				en,
				Base,
			);
			mainGroup = 4DA4F5A41DB25408007A1A2C;
			productRefGroup = 4DA4F5AE1DB25409007A1A2C /* Products */;
			projectDirPath = "";
			projectRoot = "";
			targets = (
				4DA4F5BB1DB25409007A1A2C /* PerformanceTest */,
			);
		};
/* End PBXProject section */

/* Begin PBXResourcesBuildPhase section */
		4DA4F5BA1DB25409007A1A2C /* Resources */ = {
			isa = PBXResourcesBuildPhase;
			buildActionMask = 2147483647;
			files = (
				4DA4F5CF1DB25731007A1A2C /* test.json in Resources */,
			);
			runOnlyForDeploymentPostprocessing = 0;
		};
/* End PBXResourcesBuildPhase section */

/* Begin PBXSourcesBuildPhase section */
		4DA4F5B81DB25409007A1A2C /* Sources */ = {
			isa = PBXSourcesBuildPhase;
			buildActionMask = 2147483647;
			files = (
				4DA4F5CD1DB2570E007A1A2C /* JSONX.swift in Sources */,
				4DA4F5DA1DB25FC3007A1A2C /* Decoder.swift in Sources */,
				4DA4F5DB1DB25FC3007A1A2C /* JAYSON+OptionalProperty.swift in Sources */,
				4DC0EBE51DB2D2E000F331DB /* SwiftyJSON.swift in Sources */,
				4DA4F5DF1DB25FC3007A1A2C /* JAYSON.swift in Sources */,
				4DA4F5C11DB25409007A1A2C /* PerformanceTest.swift in Sources */,
				4DA4F5E01DB25FC3007A1A2C /* JAYSONWritableType.swift in Sources */,
				4DA4F5DD1DB25FC3007A1A2C /* JAYSON+StateProperty.swift in Sources */,
				4DA4F5DC1DB25FC3007A1A2C /* JAYSON+SourceType.swift in Sources */,
				4DA4F5DE1DB25FC3007A1A2C /* JAYSON+StrictGetter.swift in Sources */,
			);
			runOnlyForDeploymentPostprocessing = 0;
		};
/* End PBXSourcesBuildPhase section */

/* Begin XCBuildConfiguration section */
		4DA4F5C31DB25409007A1A2C /* Debug */ = {
			isa = XCBuildConfiguration;
			buildSettings = {
				ALWAYS_SEARCH_USER_PATHS = NO;
				CLANG_ANALYZER_NONNULL = YES;
				CLANG_CXX_LANGUAGE_STANDARD = "gnu++0x";
				CLANG_CXX_LIBRARY = "libc++";
				CLANG_ENABLE_MODULES = YES;
				CLANG_ENABLE_OBJC_ARC = YES;
				CLANG_WARN_BOOL_CONVERSION = YES;
				CLANG_WARN_CONSTANT_CONVERSION = YES;
				CLANG_WARN_DIRECT_OBJC_ISA_USAGE = YES_ERROR;
				CLANG_WARN_DOCUMENTATION_COMMENTS = YES;
				CLANG_WARN_EMPTY_BODY = YES;
				CLANG_WARN_ENUM_CONVERSION = YES;
				CLANG_WARN_INFINITE_RECURSION = YES;
				CLANG_WARN_INT_CONVERSION = YES;
				CLANG_WARN_OBJC_ROOT_CLASS = YES_ERROR;
				CLANG_WARN_SUSPICIOUS_MOVES = YES;
				CLANG_WARN_UNREACHABLE_CODE = YES;
				CLANG_WARN__DUPLICATE_METHOD_MATCH = YES;
				CODE_SIGN_IDENTITY = "-";
				COPY_PHASE_STRIP = NO;
				DEBUG_INFORMATION_FORMAT = dwarf;
				ENABLE_STRICT_OBJC_MSGSEND = YES;
				ENABLE_TESTABILITY = YES;
				GCC_C_LANGUAGE_STANDARD = gnu99;
				GCC_DYNAMIC_NO_PIC = NO;
				GCC_NO_COMMON_BLOCKS = YES;
				GCC_OPTIMIZATION_LEVEL = 0;
				GCC_PREPROCESSOR_DEFINITIONS = (
					"DEBUG=1",
					"$(inherited)",
				);
				GCC_WARN_64_TO_32_BIT_CONVERSION = YES;
				GCC_WARN_ABOUT_RETURN_TYPE = YES_ERROR;
				GCC_WARN_UNDECLARED_SELECTOR = YES;
				GCC_WARN_UNINITIALIZED_AUTOS = YES_AGGRESSIVE;
				GCC_WARN_UNUSED_FUNCTION = YES;
				GCC_WARN_UNUSED_VARIABLE = YES;
				MACOSX_DEPLOYMENT_TARGET = 10.11;
				MTL_ENABLE_DEBUG_INFO = YES;
				ONLY_ACTIVE_ARCH = YES;
				SDKROOT = macosx;
				SWIFT_ACTIVE_COMPILATION_CONDITIONS = DEBUG;
				SWIFT_OPTIMIZATION_LEVEL = "-Onone";
			};
			name = Debug;
		};
		4DA4F5C41DB25409007A1A2C /* Release */ = {
			isa = XCBuildConfiguration;
			buildSettings = {
				ALWAYS_SEARCH_USER_PATHS = NO;
				CLANG_ANALYZER_NONNULL = YES;
				CLANG_CXX_LANGUAGE_STANDARD = "gnu++0x";
				CLANG_CXX_LIBRARY = "libc++";
				CLANG_ENABLE_MODULES = YES;
				CLANG_ENABLE_OBJC_ARC = YES;
				CLANG_WARN_BOOL_CONVERSION = YES;
				CLANG_WARN_CONSTANT_CONVERSION = YES;
				CLANG_WARN_DIRECT_OBJC_ISA_USAGE = YES_ERROR;
				CLANG_WARN_DOCUMENTATION_COMMENTS = YES;
				CLANG_WARN_EMPTY_BODY = YES;
				CLANG_WARN_ENUM_CONVERSION = YES;
				CLANG_WARN_INFINITE_RECURSION = YES;
				CLANG_WARN_INT_CONVERSION = YES;
				CLANG_WARN_OBJC_ROOT_CLASS = YES_ERROR;
				CLANG_WARN_SUSPICIOUS_MOVES = YES;
				CLANG_WARN_UNREACHABLE_CODE = YES;
				CLANG_WARN__DUPLICATE_METHOD_MATCH = YES;
				CODE_SIGN_IDENTITY = "-";
				COPY_PHASE_STRIP = NO;
				DEBUG_INFORMATION_FORMAT = "dwarf-with-dsym";
				ENABLE_NS_ASSERTIONS = NO;
				ENABLE_STRICT_OBJC_MSGSEND = YES;
				GCC_C_LANGUAGE_STANDARD = gnu99;
				GCC_NO_COMMON_BLOCKS = YES;
				GCC_WARN_64_TO_32_BIT_CONVERSION = YES;
				GCC_WARN_ABOUT_RETURN_TYPE = YES_ERROR;
				GCC_WARN_UNDECLARED_SELECTOR = YES;
				GCC_WARN_UNINITIALIZED_AUTOS = YES_AGGRESSIVE;
				GCC_WARN_UNUSED_FUNCTION = YES;
				GCC_WARN_UNUSED_VARIABLE = YES;
				MACOSX_DEPLOYMENT_TARGET = 10.11;
				MTL_ENABLE_DEBUG_INFO = NO;
				SDKROOT = macosx;
				SWIFT_OPTIMIZATION_LEVEL = "-Owholemodule";
			};
			name = Release;
		};
		4DA4F5C91DB25409007A1A2C /* Debug */ = {
			isa = XCBuildConfiguration;
			buildSettings = {
				INFOPLIST_FILE = PerformanceTest/Info.plist;
				LD_RUNPATH_SEARCH_PATHS = "$(inherited) @executable_path/../Frameworks @loader_path/../Frameworks";
				PRODUCT_BUNDLE_IDENTIFIER = com.mohsankhan.PerformanceTest;
				PRODUCT_NAME = "$(TARGET_NAME)";
				SWIFT_VERSION = 3.0;
			};
			name = Debug;
		};
		4DA4F5CA1DB25409007A1A2C /* Release */ = {
			isa = XCBuildConfiguration;
			buildSettings = {
				INFOPLIST_FILE = PerformanceTest/Info.plist;
				LD_RUNPATH_SEARCH_PATHS = "$(inherited) @executable_path/../Frameworks @loader_path/../Frameworks";
				PRODUCT_BUNDLE_IDENTIFIER = com.mohsankhan.PerformanceTest;
				PRODUCT_NAME = "$(TARGET_NAME)";
				SWIFT_VERSION = 3.0;
			};
			name = Release;
		};
/* End XCBuildConfiguration section */

/* Begin XCConfigurationList section */
		4DA4F5A81DB25408007A1A2C /* Build configuration list for PBXProject "PerformanceTest" */ = {
			isa = XCConfigurationList;
			buildConfigurations = (
				4DA4F5C31DB25409007A1A2C /* Debug */,
				4DA4F5C41DB25409007A1A2C /* Release */,
			);
			defaultConfigurationIsVisible = 0;
			defaultConfigurationName = Release;
		};
		4DA4F5C81DB25409007A1A2C /* Build configuration list for PBXNativeTarget "PerformanceTest" */ = {
			isa = XCConfigurationList;
			buildConfigurations = (
				4DA4F5C91DB25409007A1A2C /* Debug */,
				4DA4F5CA1DB25409007A1A2C /* Release */,
			);
			defaultConfigurationIsVisible = 0;
			defaultConfigurationName = Release;
		};
/* End XCConfigurationList section */
	};
	rootObject = 4DA4F5A51DB25408007A1A2C /* Project object */;
}
